
Microsoft Visual Studio Solution File, Format Version 12.00
# Visual Studio Version 17
VisualStudioVersion = 17.7.34018.315
MinimumVisualStudioVersion = 10.0.40219.1
Project("{FAE04EC0-301F-11D3-BF4B-00C04F79EFBC}") = "DataTypes", "Lektion 3\DataTypes.csproj", "{31D8DC4D-CD6A-4908-AC1B-52BC11BEC075}"
EndProject
Global
	GlobalSection(SolutionConfigurationPlatforms) = preSolution
		Debug|Any CPU = Debug|Any CPU
		Release|Any CPU = Release|Any CPU
	EndGlobalSection
	GlobalSection(ProjectConfigurationPlatforms) = postSolution
		{31D8DC4D-CD6A-4908-AC1B-52BC11BEC075}.Debug|Any CPU.ActiveCfg = Debug|Any CPU
		{31D8DC4D-CD6A-4908-AC1B-52BC11BEC075}.Debug|Any CPU.Build.0 = Debug|Any CPU
		{31D8DC4D-CD6A-4908-AC1B-52BC11BEC075}.Release|Any CPU.ActiveCfg = Release|Any CPU
		{31D8DC4D-CD6A-4908-AC1B-52BC11BEC075}.Release|Any CPU.Build.0 = Release|Any CPU
	EndGlobalSection
	GlobalSection(SolutionProperties) = preSolution
		HideSolutionNode = FALSE
	EndGlobalSection
	GlobalSection(ExtensibilityGlobals) = postSolution
		SolutionGuid = {ABEB1F81-943F-47E2-9759-59EA3D150322}
	EndGlobalSection
EndGlobal
