
Microsoft Visual Studio Solution File, Format Version 12.00
# Visual Studio Version 17
VisualStudioVersion = 17.7.34018.315
MinimumVisualStudioVersion = 10.0.40219.1
Project("{FAE04EC0-301F-11D3-BF4B-00C04F79EFBC}") = "Hem_Kod", "Hem_Kod\Hem_Kod.csproj", "{263E0F81-207A-4426-AD00-1DD70696644B}"
EndProject
Global
	GlobalSection(SolutionConfigurationPlatforms) = preSolution
		Debug|Any CPU = Debug|Any CPU
		Release|Any CPU = Release|Any CPU
	EndGlobalSection
	GlobalSection(ProjectConfigurationPlatforms) = postSolution
		{263E0F81-207A-4426-AD00-1DD70696644B}.Debug|Any CPU.ActiveCfg = Debug|Any CPU
		{263E0F81-207A-4426-AD00-1DD70696644B}.Debug|Any CPU.Build.0 = Debug|Any CPU
		{263E0F81-207A-4426-AD00-1DD70696644B}.Release|Any CPU.ActiveCfg = Release|Any CPU
		{263E0F81-207A-4426-AD00-1DD70696644B}.Release|Any CPU.Build.0 = Release|Any CPU
	EndGlobalSection
	GlobalSection(SolutionProperties) = preSolution
		HideSolutionNode = FALSE
	EndGlobalSection
	GlobalSection(ExtensibilityGlobals) = postSolution
		SolutionGuid = {B16A5C1E-1C59-4337-85C4-04FFC3FD2FE1}
	EndGlobalSection
EndGlobal
